
Microsoft Visual Studio Solution File, Format Version 12.00
# Visual Studio Version 16
VisualStudioVersion = 16.0.30621.155
MinimumVisualStudioVersion = 10.0.40219.1
Project("{9A19103F-16F7-4668-BE54-9A1E7A4F7556}") = "OdeToFood", "OdeToFood.csproj", "{D3822111-BD14-4A86-A317-72A9674FFB4A}"
EndProject
Project("{9A19103F-16F7-4668-BE54-9A1E7A4F7556}") = "OdeToFood.Core", "..\OdeToFood.Core\OdeToFood.Core.csproj", "{EA84B824-0BDC-4767-8E9A-6E6CFEEA58B9}"
EndProject
Project("{9A19103F-16F7-4668-BE54-9A1E7A4F7556}") = "OdeToFood.Data", "..\OdeToFood.Data\OdeToFood.Data.csproj", "{AB2B4004-0662-4F30-972B-C197DDD4639D}"
EndProject
Global
	GlobalSection(SolutionConfigurationPlatforms) = preSolution
		Debug|Any CPU = Debug|Any CPU
		Release|Any CPU = Release|Any CPU
	EndGlobalSection
	GlobalSection(ProjectConfigurationPlatforms) = postSolution
		{D3822111-BD14-4A86-A317-72A9674FFB4A}.Debug|Any CPU.ActiveCfg = Debug|Any CPU
		{D3822111-BD14-4A86-A317-72A9674FFB4A}.Debug|Any CPU.Build.0 = Debug|Any CPU
		{D3822111-BD14-4A86-A317-72A9674FFB4A}.Release|Any CPU.ActiveCfg = Release|Any CPU
		{D3822111-BD14-4A86-A317-72A9674FFB4A}.Release|Any CPU.Build.0 = Release|Any CPU
		{EA84B824-0BDC-4767-8E9A-6E6CFEEA58B9}.Debug|Any CPU.ActiveCfg = Debug|Any CPU
		{EA84B824-0BDC-4767-8E9A-6E6CFEEA58B9}.Debug|Any CPU.Build.0 = Debug|Any CPU
		{EA84B824-0BDC-4767-8E9A-6E6CFEEA58B9}.Release|Any CPU.ActiveCfg = Release|Any CPU
		{EA84B824-0BDC-4767-8E9A-6E6CFEEA58B9}.Release|Any CPU.Build.0 = Release|Any CPU
		{AB2B4004-0662-4F30-972B-C197DDD4639D}.Debug|Any CPU.ActiveCfg = Debug|Any CPU
		{AB2B4004-0662-4F30-972B-C197DDD4639D}.Debug|Any CPU.Build.0 = Debug|Any CPU
		{AB2B4004-0662-4F30-972B-C197DDD4639D}.Release|Any CPU.ActiveCfg = Release|Any CPU
		{AB2B4004-0662-4F30-972B-C197DDD4639D}.Release|Any CPU.Build.0 = Release|Any CPU
	EndGlobalSection
	GlobalSection(SolutionProperties) = preSolution
		HideSolutionNode = FALSE
	EndGlobalSection
	GlobalSection(ExtensibilityGlobals) = postSolution
		SolutionGuid = {CBBE699E-A53E-4E20-8E1D-15C68796C7AE}
	EndGlobalSection
EndGlobal
